
Microsoft Visual Studio Solution File, Format Version 12.00
# Visual Studio 15
Project("{FAE04EC0-301F-11D3-BF4B-00C04F79EFBC}") = "Array", "Array\Array.csproj", "{9CC7B00F-2BE0-4322-A867-4B1514DC7477}"
EndProject
Global
	GlobalSection(SolutionConfigurationPlatforms) = preSolution
		Debug|anycpu = Debug|anycpu
		Release|anycpu = Release|anycpu
	EndGlobalSection
	GlobalSection(ProjectConfigurationPlatforms) = postSolution
		{9CC7B00F-2BE0-4322-A867-4B1514DC7477}.Debug|anycpu.ActiveCfg = Debug|anycpu
		{9CC7B00F-2BE0-4322-A867-4B1514DC7477}.Debug|anycpu.Build.0 = Debug|anycpu
		{9CC7B00F-2BE0-4322-A867-4B1514DC7477}.Release|anycpu.ActiveCfg = Release|anycpu
		{9CC7B00F-2BE0-4322-A867-4B1514DC7477}.Release|anycpu.Build.0 = Release|anycpu
	EndGlobalSection
EndGlobal
